
Microsoft Visual Studio Solution File, Format Version 12.00
# Visual Studio 15
VisualStudioVersion = 15.0.27004.2009
MinimumVisualStudioVersion = 10.0.40219.1
Project("{FAE04EC0-301F-11D3-BF4B-00C04F79EFBC}") = "App2", "App2\App2.csproj", "{E928D875-821A-4AA8-95D4-8AA6DA3B1078}"
EndProject
Global
	GlobalSection(SolutionConfigurationPlatforms) = preSolution
		Debug|Any CPU = Debug|Any CPU
		Release|Any CPU = Release|Any CPU
	EndGlobalSection
	GlobalSection(ProjectConfigurationPlatforms) = postSolution
		{E928D875-821A-4AA8-95D4-8AA6DA3B1078}.Debug|Any CPU.ActiveCfg = Debug|Any CPU
		{E928D875-821A-4AA8-95D4-8AA6DA3B1078}.Debug|Any CPU.Build.0 = Debug|Any CPU
		{E928D875-821A-4AA8-95D4-8AA6DA3B1078}.Debug|Any CPU.Deploy.0 = Debug|Any CPU
		{E928D875-821A-4AA8-95D4-8AA6DA3B1078}.Release|Any CPU.ActiveCfg = Release|Any CPU
		{E928D875-821A-4AA8-95D4-8AA6DA3B1078}.Release|Any CPU.Build.0 = Release|Any CPU
		{E928D875-821A-4AA8-95D4-8AA6DA3B1078}.Release|Any CPU.Deploy.0 = Release|Any CPU
	EndGlobalSection
	GlobalSection(SolutionProperties) = preSolution
		HideSolutionNode = FALSE
	EndGlobalSection
	GlobalSection(ExtensibilityGlobals) = postSolution
		SolutionGuid = {78A98C1F-73BF-4757-871A-3AEBF4EA8D9F}
	EndGlobalSection
EndGlobal
